
Microsoft Visual Studio Solution File, Format Version 12.00
# Visual Studio Version 16
VisualStudioVersion = 16.0.30406.217
MinimumVisualStudioVersion = 10.0.40219.1
Project("{FAE04EC0-301F-11D3-BF4B-00C04F79EFBC}") = "BudgetService", "BudgetService.csproj", "{B2D290BE-FFF1-4812-9184-61C8954EFF5D}"
EndProject
Project("{9A19103F-16F7-4668-BE54-9A1E7A4F7556}") = "BudgetService.Test", "BudgetService.Test\BudgetService.Test.csproj", "{93E33F73-2BF0-42B6-8894-9F122F0D7EED}"
EndProject
Global
	GlobalSection(SolutionConfigurationPlatforms) = preSolution
		Debug|Any CPU = Debug|Any CPU
		Release|Any CPU = Release|Any CPU
	EndGlobalSection
	GlobalSection(ProjectConfigurationPlatforms) = postSolution
		{B2D290BE-FFF1-4812-9184-61C8954EFF5D}.Debug|Any CPU.ActiveCfg = Debug|Any CPU
		{B2D290BE-FFF1-4812-9184-61C8954EFF5D}.Debug|Any CPU.Build.0 = Debug|Any CPU
		{B2D290BE-FFF1-4812-9184-61C8954EFF5D}.Release|Any CPU.ActiveCfg = Release|Any CPU
		{B2D290BE-FFF1-4812-9184-61C8954EFF5D}.Release|Any CPU.Build.0 = Release|Any CPU
		{93E33F73-2BF0-42B6-8894-9F122F0D7EED}.Debug|Any CPU.ActiveCfg = Debug|Any CPU
		{93E33F73-2BF0-42B6-8894-9F122F0D7EED}.Debug|Any CPU.Build.0 = Debug|Any CPU
		{93E33F73-2BF0-42B6-8894-9F122F0D7EED}.Release|Any CPU.ActiveCfg = Release|Any CPU
		{93E33F73-2BF0-42B6-8894-9F122F0D7EED}.Release|Any CPU.Build.0 = Release|Any CPU
	EndGlobalSection
	GlobalSection(SolutionProperties) = preSolution
		HideSolutionNode = FALSE
	EndGlobalSection
	GlobalSection(ExtensibilityGlobals) = postSolution
		SolutionGuid = {7806ECF5-7E47-414C-A0FF-7A0655AB15E5}
	EndGlobalSection
EndGlobal
